
Microsoft Visual Studio Solution File, Format Version 12.00
# Blend for Visual Studio 14
VisualStudioVersion = 14.0.22823.1
MinimumVisualStudioVersion = 10.0.40219.1
Project("{FAE04EC0-301F-11D3-BF4B-00C04F79EFBC}") = "WpfModernFlat", "WpfModernFlat\WpfModernFlat.csproj", "{FC681585-25E3-4384-B41D-222EE5D3FD8C}"
EndProject
Project("{FAE04EC0-301F-11D3-BF4B-00C04F79EFBC}") = "WpfModernFlatSampleApp", "WpfModernFlatSampleApp\WpfModernFlatSampleApp.csproj", "{5D05245B-FE6A-4A1E-842B-627EFCAE2EA6}"
EndProject
Global
	GlobalSection(SolutionConfigurationPlatforms) = preSolution
		Debug|Any CPU = Debug|Any CPU
		Release|Any CPU = Release|Any CPU
	EndGlobalSection
	GlobalSection(ProjectConfigurationPlatforms) = postSolution
		{FC681585-25E3-4384-B41D-222EE5D3FD8C}.Debug|Any CPU.ActiveCfg = Debug|Any CPU
		{FC681585-25E3-4384-B41D-222EE5D3FD8C}.Debug|Any CPU.Build.0 = Debug|Any CPU
		{FC681585-25E3-4384-B41D-222EE5D3FD8C}.Release|Any CPU.ActiveCfg = Release|Any CPU
		{FC681585-25E3-4384-B41D-222EE5D3FD8C}.Release|Any CPU.Build.0 = Release|Any CPU
		{5D05245B-FE6A-4A1E-842B-627EFCAE2EA6}.Debug|Any CPU.ActiveCfg = Debug|Any CPU
		{5D05245B-FE6A-4A1E-842B-627EFCAE2EA6}.Debug|Any CPU.Build.0 = Debug|Any CPU
		{5D05245B-FE6A-4A1E-842B-627EFCAE2EA6}.Release|Any CPU.ActiveCfg = Release|Any CPU
		{5D05245B-FE6A-4A1E-842B-627EFCAE2EA6}.Release|Any CPU.Build.0 = Release|Any CPU
	EndGlobalSection
	GlobalSection(SolutionProperties) = preSolution
		HideSolutionNode = FALSE
	EndGlobalSection
EndGlobal
